
Microsoft Visual Studio Solution File, Format Version 12.00
# Visual Studio 15
VisualStudioVersion = 15.0.26124.0
MinimumVisualStudioVersion = 15.0.26124.0
Project("{FAE04EC0-301F-11D3-BF4B-00C04F79EFBC}") = "Retrospector", "Retrospector\Retrospector.csproj", "{48B1F22A-AAB9-4162-BA6B-D14C078F4A1E}"
EndProject
Project("{FAE04EC0-301F-11D3-BF4B-00C04F79EFBC}") = "Retrospector.Tests", "Retrospector.Tests\Retrospector.Tests.csproj", "{E3B9B05F-6EDA-4217-BB56-8729FC1EE3DE}"
EndProject
Project("{2150E333-8FDC-42A3-9474-1A3956D46DE8}") = "Miscellaneous", "Miscellaneous", "{2E3CFCFC-FA52-4085-8811-E767CB6301F1}"
ProjectSection(SolutionItems) = preProject
	.gitignore = .gitignore
	LICENSE.txt = LICENSE.txt
	README.md = README.md
	.github\workflows\dotnet-core.yml = .github\workflows\dotnet-core.yml
EndProjectSection
EndProject
Global
	GlobalSection(SolutionConfigurationPlatforms) = preSolution
		Debug|Any CPU = Debug|Any CPU
		Debug|x64 = Debug|x64
		Debug|x86 = Debug|x86
		Release|Any CPU = Release|Any CPU
		Release|x64 = Release|x64
		Release|x86 = Release|x86
	EndGlobalSection
	GlobalSection(SolutionProperties) = preSolution
		HideSolutionNode = FALSE
	EndGlobalSection
	GlobalSection(ProjectConfigurationPlatforms) = postSolution
		{48B1F22A-AAB9-4162-BA6B-D14C078F4A1E}.Debug|Any CPU.ActiveCfg = Debug|Any CPU
		{48B1F22A-AAB9-4162-BA6B-D14C078F4A1E}.Debug|Any CPU.Build.0 = Debug|Any CPU
		{48B1F22A-AAB9-4162-BA6B-D14C078F4A1E}.Debug|x64.ActiveCfg = Debug|Any CPU
		{48B1F22A-AAB9-4162-BA6B-D14C078F4A1E}.Debug|x64.Build.0 = Debug|Any CPU
		{48B1F22A-AAB9-4162-BA6B-D14C078F4A1E}.Debug|x86.ActiveCfg = Debug|Any CPU
		{48B1F22A-AAB9-4162-BA6B-D14C078F4A1E}.Debug|x86.Build.0 = Debug|Any CPU
		{48B1F22A-AAB9-4162-BA6B-D14C078F4A1E}.Release|Any CPU.ActiveCfg = Release|Any CPU
		{48B1F22A-AAB9-4162-BA6B-D14C078F4A1E}.Release|Any CPU.Build.0 = Release|Any CPU
		{48B1F22A-AAB9-4162-BA6B-D14C078F4A1E}.Release|x64.ActiveCfg = Release|Any CPU
		{48B1F22A-AAB9-4162-BA6B-D14C078F4A1E}.Release|x64.Build.0 = Release|Any CPU
		{48B1F22A-AAB9-4162-BA6B-D14C078F4A1E}.Release|x86.ActiveCfg = Release|Any CPU
		{48B1F22A-AAB9-4162-BA6B-D14C078F4A1E}.Release|x86.Build.0 = Release|Any CPU
		{E3B9B05F-6EDA-4217-BB56-8729FC1EE3DE}.Debug|Any CPU.ActiveCfg = Debug|Any CPU
		{E3B9B05F-6EDA-4217-BB56-8729FC1EE3DE}.Debug|Any CPU.Build.0 = Debug|Any CPU
		{E3B9B05F-6EDA-4217-BB56-8729FC1EE3DE}.Debug|x64.ActiveCfg = Debug|Any CPU
		{E3B9B05F-6EDA-4217-BB56-8729FC1EE3DE}.Debug|x64.Build.0 = Debug|Any CPU
		{E3B9B05F-6EDA-4217-BB56-8729FC1EE3DE}.Debug|x86.ActiveCfg = Debug|Any CPU
		{E3B9B05F-6EDA-4217-BB56-8729FC1EE3DE}.Debug|x86.Build.0 = Debug|Any CPU
		{E3B9B05F-6EDA-4217-BB56-8729FC1EE3DE}.Release|Any CPU.ActiveCfg = Release|Any CPU
		{E3B9B05F-6EDA-4217-BB56-8729FC1EE3DE}.Release|Any CPU.Build.0 = Release|Any CPU
		{E3B9B05F-6EDA-4217-BB56-8729FC1EE3DE}.Release|x64.ActiveCfg = Release|Any CPU
		{E3B9B05F-6EDA-4217-BB56-8729FC1EE3DE}.Release|x64.Build.0 = Release|Any CPU
		{E3B9B05F-6EDA-4217-BB56-8729FC1EE3DE}.Release|x86.ActiveCfg = Release|Any CPU
		{E3B9B05F-6EDA-4217-BB56-8729FC1EE3DE}.Release|x86.Build.0 = Release|Any CPU
	EndGlobalSection
EndGlobal
